
Microsoft Visual Studio Solution File, Format Version 12.00
# Visual Studio Version 17
VisualStudioVersion = 17.9.34622.214
MinimumVisualStudioVersion = 10.0.40219.1
Project("{9A19103F-16F7-4668-BE54-9A1E7A4F7556}") = "Irihi.Avalonia.Shared", "Irihi.Avalonia.Shared\Irihi.Avalonia.Shared.csproj", "{2C350A8C-4253-45CE-B565-6F4275FC11CD}"
EndProject
Project("{9A19103F-16F7-4668-BE54-9A1E7A4F7556}") = "Sample", "..\sample\Sample\Sample.csproj", "{92C8A1A1-21CB-41B4-BAC7-1A7763300D1C}"
EndProject
Project("{9A19103F-16F7-4668-BE54-9A1E7A4F7556}") = "Irihi.Avalonia.Shared.UnitTest", "..\test\Irihi.Avalonia.Shared.UnitTest\Irihi.Avalonia.Shared.UnitTest.csproj", "{5AD4A73B-4B85-4C56-BAB3-A25D526F0B07}"
EndProject
Project("{D954291E-2A0B-460D-934E-DC6B0785DB48}") = "Irihi.Avalonia.Shared.Public", "Irihi.Avalonia.Shared.Public\Irihi.Avalonia.Shared.Public.shproj", "{F7A8869A-C381-4445-BC80-F87739D6A496}"
EndProject
Project("{D954291E-2A0B-460D-934E-DC6B0785DB48}") = "Irihi.Avalonia.Shared.UnitTest.Public", "..\test\Irihi.Avalonia.Shared.UnitTest.Public\Irihi.Avalonia.Shared.UnitTest.Public.shproj", "{222449F9-96D5-409E-9627-AA1DE6219B26}"
EndProject
Project("{2150E333-8FDC-42A3-9474-1A3956D46DE8}") = "SolutionFiles", "SolutionFiles", "{A7FDE117-37A4-41D0-8FE4-13849541365E}"
	ProjectSection(SolutionItems) = preProject
		..\.github\workflows\test.yml = ..\.github\workflows\test.yml
		..\.github\workflows\pack.yml = ..\.github\workflows\pack.yml
	EndProjectSection
EndProject
Project("{FAE04EC0-301F-11D3-BF4B-00C04F79EFBC}") = "Irihi.Avalonia.Shared.Contracts", "Irihi.Avalonia.Shared.Contracts\Irihi.Avalonia.Shared.Contracts.csproj", "{5A97CB01-D0D1-4701-ABE8-2F47E54B1485}"
EndProject
Project("{FAE04EC0-301F-11D3-BF4B-00C04F79EFBC}") = "Irihi.Avalonia.Shared.HeadlessTest", "..\test\Irihi.Avalonia.Shared.HeadlessTest\Irihi.Avalonia.Shared.HeadlessTest.csproj", "{679BBDB6-78F5-4D97-8E65-DCBC20A8BC98}"
EndProject
Global
	GlobalSection(SolutionConfigurationPlatforms) = preSolution
		Debug|Any CPU = Debug|Any CPU
		Release|Any CPU = Release|Any CPU
	EndGlobalSection
	GlobalSection(ProjectConfigurationPlatforms) = postSolution
		{2C350A8C-4253-45CE-B565-6F4275FC11CD}.Debug|Any CPU.ActiveCfg = Debug|Any CPU
		{2C350A8C-4253-45CE-B565-6F4275FC11CD}.Debug|Any CPU.Build.0 = Debug|Any CPU
		{2C350A8C-4253-45CE-B565-6F4275FC11CD}.Release|Any CPU.ActiveCfg = Release|Any CPU
		{2C350A8C-4253-45CE-B565-6F4275FC11CD}.Release|Any CPU.Build.0 = Release|Any CPU
		{92C8A1A1-21CB-41B4-BAC7-1A7763300D1C}.Debug|Any CPU.ActiveCfg = Debug|Any CPU
		{92C8A1A1-21CB-41B4-BAC7-1A7763300D1C}.Debug|Any CPU.Build.0 = Debug|Any CPU
		{92C8A1A1-21CB-41B4-BAC7-1A7763300D1C}.Release|Any CPU.ActiveCfg = Release|Any CPU
		{92C8A1A1-21CB-41B4-BAC7-1A7763300D1C}.Release|Any CPU.Build.0 = Release|Any CPU
		{5AD4A73B-4B85-4C56-BAB3-A25D526F0B07}.Debug|Any CPU.ActiveCfg = Debug|Any CPU
		{5AD4A73B-4B85-4C56-BAB3-A25D526F0B07}.Debug|Any CPU.Build.0 = Debug|Any CPU
		{5AD4A73B-4B85-4C56-BAB3-A25D526F0B07}.Release|Any CPU.ActiveCfg = Release|Any CPU
		{5AD4A73B-4B85-4C56-BAB3-A25D526F0B07}.Release|Any CPU.Build.0 = Release|Any CPU
		{5A97CB01-D0D1-4701-ABE8-2F47E54B1485}.Debug|Any CPU.ActiveCfg = Debug|Any CPU
		{5A97CB01-D0D1-4701-ABE8-2F47E54B1485}.Debug|Any CPU.Build.0 = Debug|Any CPU
		{5A97CB01-D0D1-4701-ABE8-2F47E54B1485}.Release|Any CPU.ActiveCfg = Release|Any CPU
		{5A97CB01-D0D1-4701-ABE8-2F47E54B1485}.Release|Any CPU.Build.0 = Release|Any CPU
		{679BBDB6-78F5-4D97-8E65-DCBC20A8BC98}.Debug|Any CPU.ActiveCfg = Debug|Any CPU
		{679BBDB6-78F5-4D97-8E65-DCBC20A8BC98}.Debug|Any CPU.Build.0 = Debug|Any CPU
		{679BBDB6-78F5-4D97-8E65-DCBC20A8BC98}.Release|Any CPU.ActiveCfg = Release|Any CPU
		{679BBDB6-78F5-4D97-8E65-DCBC20A8BC98}.Release|Any CPU.Build.0 = Release|Any CPU
	EndGlobalSection
	GlobalSection(SolutionProperties) = preSolution
		HideSolutionNode = FALSE
	EndGlobalSection
	GlobalSection(SharedMSBuildProjectFiles) = preSolution
		..\test\Irihi.Avalonia.Shared.UnitTest.Public\Irihi.Avalonia.Shared.UnitTest.Public.projitems*{222449f9-96d5-409e-9627-aa1de6219b26}*SharedItemsImports = 13
		Irihi.Avalonia.Shared.Public\Irihi.Avalonia.Shared.Public.projitems*{2c350a8c-4253-45ce-b565-6f4275fc11cd}*SharedItemsImports = 5
		..\test\Irihi.Avalonia.Shared.UnitTest.Public\Irihi.Avalonia.Shared.UnitTest.Public.projitems*{5ad4a73b-4b85-4c56-bab3-a25d526f0b07}*SharedItemsImports = 5
		Irihi.Avalonia.Shared.Public\Irihi.Avalonia.Shared.Public.projitems*{f7a8869a-c381-4445-bc80-f87739d6a496}*SharedItemsImports = 13
	EndGlobalSection
EndGlobal
