
Microsoft Visual Studio Solution File, Format Version 12.00
Project("{FAE04EC0-301F-11D3-BF4B-00C04F79EFBC}") = "Irihi.Avalonia.Shared", "Irihi.Avalonia.Shared\Irihi.Avalonia.Shared.csproj", "{2C350A8C-4253-45CE-B565-6F4275FC11CD}"
EndProject
Project("{FAE04EC0-301F-11D3-BF4B-00C04F79EFBC}") = "Sample", "..\sample\Sample\Sample.csproj", "{92C8A1A1-21CB-41B4-BAC7-1A7763300D1C}"
EndProject
Project("{FAE04EC0-301F-11D3-BF4B-00C04F79EFBC}") = "Irihi.Avalonia.Shared.UnitTest", "..\test\Irihi.Avalonia.Shared.UnitTest\Irihi.Avalonia.Shared.UnitTest.csproj", "{5AD4A73B-4B85-4C56-BAB3-A25D526F0B07}"
EndProject
Global
	GlobalSection(SolutionConfigurationPlatforms) = preSolution
		Debug|Any CPU = Debug|Any CPU
		Release|Any CPU = Release|Any CPU
	EndGlobalSection
	GlobalSection(ProjectConfigurationPlatforms) = postSolution
		{2C350A8C-4253-45CE-B565-6F4275FC11CD}.Debug|Any CPU.ActiveCfg = Debug|Any CPU
		{2C350A8C-4253-45CE-B565-6F4275FC11CD}.Debug|Any CPU.Build.0 = Debug|Any CPU
		{2C350A8C-4253-45CE-B565-6F4275FC11CD}.Release|Any CPU.ActiveCfg = Release|Any CPU
		{2C350A8C-4253-45CE-B565-6F4275FC11CD}.Release|Any CPU.Build.0 = Release|Any CPU
		{92C8A1A1-21CB-41B4-BAC7-1A7763300D1C}.Debug|Any CPU.ActiveCfg = Debug|Any CPU
		{92C8A1A1-21CB-41B4-BAC7-1A7763300D1C}.Debug|Any CPU.Build.0 = Debug|Any CPU
		{92C8A1A1-21CB-41B4-BAC7-1A7763300D1C}.Release|Any CPU.ActiveCfg = Release|Any CPU
		{92C8A1A1-21CB-41B4-BAC7-1A7763300D1C}.Release|Any CPU.Build.0 = Release|Any CPU
		{5AD4A73B-4B85-4C56-BAB3-A25D526F0B07}.Debug|Any CPU.ActiveCfg = Debug|Any CPU
		{5AD4A73B-4B85-4C56-BAB3-A25D526F0B07}.Debug|Any CPU.Build.0 = Debug|Any CPU
		{5AD4A73B-4B85-4C56-BAB3-A25D526F0B07}.Release|Any CPU.ActiveCfg = Release|Any CPU
		{5AD4A73B-4B85-4C56-BAB3-A25D526F0B07}.Release|Any CPU.Build.0 = Release|Any CPU
	EndGlobalSection
EndGlobal
